// !$*UTF8*$!
{
	archiveVersion = 1;
	classes = {
	};
	objectVersion = 46;
	objects = {

/* Begin PBXBuildFile section */
		8D0036A91C459288008311A4 /* Images.xcassets in Resources */ = {isa = PBXBuildFile; fileRef = 8D0036A81C459288008311A4 /* Images.xcassets */; };
		8D0036AB1C4711FE008311A4 /* MPViewController.swift in Sources */ = {isa = PBXBuildFile; fileRef = 8D0036AA1C4711FE008311A4 /* MPViewController.swift */; };
		8D25F5CC1C486B44007851DD /* WalletViewController.swift in Sources */ = {isa = PBXBuildFile; fileRef = 8D25F5CB1C486B44007851DD /* WalletViewController.swift */; };
		8D25F5CF1C486BD5007851DD /* SettingsViewController.swift in Sources */ = {isa = PBXBuildFile; fileRef = 8D25F5CE1C486BD5007851DD /* SettingsViewController.swift */; };
		8D25F5D11C495838007851DD /* LoginViewController.swift in Sources */ = {isa = PBXBuildFile; fileRef = 8D25F5D01C495838007851DD /* LoginViewController.swift */; };
		8D25F5D31C496356007851DD /* StoreViewController.swift in Sources */ = {isa = PBXBuildFile; fileRef = 8D25F5D21C496356007851DD /* StoreViewController.swift */; };
		8D25F5D51C49657E007851DD /* RPViewController.swift in Sources */ = {isa = PBXBuildFile; fileRef = 8D25F5D41C49657E007851DD /* RPViewController.swift */; };
		8D4150A91C4C893500CD5E7D /* Constants.swift in Sources */ = {isa = PBXBuildFile; fileRef = 8D4150A81C4C893500CD5E7D /* Constants.swift */; };
		8D9171281C446297008D8507 /* AppDelegate.swift in Sources */ = {isa = PBXBuildFile; fileRef = 8D9171271C446297008D8507 /* AppDelegate.swift */; };
		8D91712D1C446297008D8507 /* Main.storyboard in Resources */ = {isa = PBXBuildFile; fileRef = 8D91712B1C446297008D8507 /* Main.storyboard */; };
		8D91712F1C446297008D8507 /* Assets.xcassets in Resources */ = {isa = PBXBuildFile; fileRef = 8D91712E1C446297008D8507 /* Assets.xcassets */; };
		8D91713D1C446298008D8507 /* FoldTests.swift in Sources */ = {isa = PBXBuildFile; fileRef = 8D91713C1C446298008D8507 /* FoldTests.swift */; };
		8D91714C1C458CFC008D8507 /* NavViewController.swift in Sources */ = {isa = PBXBuildFile; fileRef = 8D91714B1C458CFC008D8507 /* NavViewController.swift */; };
		8DB7BC1B1C4CBD76009FBE7E /* CoreBluetooth.framework in Frameworks */ = {isa = PBXBuildFile; fileRef = 8DB7BC1A1C4CBD76009FBE7E /* CoreBluetooth.framework */; };
/* End PBXBuildFile section */

/* Begin PBXContainerItemProxy section */
		8D9171391C446298008D8507 /* PBXContainerItemProxy */ = {
			isa = PBXContainerItemProxy;
			containerPortal = 8D91711C1C446297008D8507 /* Project object */;
			proxyType = 1;
			remoteGlobalIDString = 8D9171231C446297008D8507;
			remoteInfo = Fold;
		};
/* End PBXContainerItemProxy section */

/* Begin PBXFileReference section */
		8D0036A81C459288008311A4 /* Images.xcassets */ = {isa = PBXFileReference; lastKnownFileType = folder.assetcatalog; path = Images.xcassets; sourceTree = "<group>"; };
		8D0036AA1C4711FE008311A4 /* MPViewController.swift */ = {isa = PBXFileReference; fileEncoding = 4; lastKnownFileType = sourcecode.swift; path = MPViewController.swift; sourceTree = "<group>"; };
		8D25F5CB1C486B44007851DD /* WalletViewController.swift */ = {isa = PBXFileReference; fileEncoding = 4; lastKnownFileType = sourcecode.swift; path = WalletViewController.swift; sourceTree = "<group>"; };
		8D25F5CE1C486BD5007851DD /* SettingsViewController.swift */ = {isa = PBXFileReference; fileEncoding = 4; lastKnownFileType = sourcecode.swift; path = SettingsViewController.swift; sourceTree = "<group>"; };
		8D25F5D01C495838007851DD /* LoginViewController.swift */ = {isa = PBXFileReference; fileEncoding = 4; lastKnownFileType = sourcecode.swift; path = LoginViewController.swift; sourceTree = "<group>"; };
		8D25F5D21C496356007851DD /* StoreViewController.swift */ = {isa = PBXFileReference; fileEncoding = 4; lastKnownFileType = sourcecode.swift; path = StoreViewController.swift; sourceTree = "<group>"; };
		8D25F5D41C49657E007851DD /* RPViewController.swift */ = {isa = PBXFileReference; fileEncoding = 4; lastKnownFileType = sourcecode.swift; path = RPViewController.swift; sourceTree = "<group>"; };
		8D4150A81C4C893500CD5E7D /* Constants.swift */ = {isa = PBXFileReference; fileEncoding = 4; lastKnownFileType = sourcecode.swift; path = Constants.swift; sourceTree = "<group>"; };
		8D9171241C446297008D8507 /* Fold.app */ = {isa = PBXFileReference; explicitFileType = wrapper.application; includeInIndex = 0; path = Fold.app; sourceTree = BUILT_PRODUCTS_DIR; };
		8D9171271C446297008D8507 /* AppDelegate.swift */ = {isa = PBXFileReference; lastKnownFileType = sourcecode.swift; path = AppDelegate.swift; sourceTree = "<group>"; };
		8D91712C1C446297008D8507 /* Base */ = {isa = PBXFileReference; lastKnownFileType = file.storyboard; name = Base; path = Base.lproj/Main.storyboard; sourceTree = "<group>"; };
		8D91712E1C446297008D8507 /* Assets.xcassets */ = {isa = PBXFileReference; lastKnownFileType = folder.assetcatalog; path = Assets.xcassets; sourceTree = "<group>"; };
		8D9171331C446297008D8507 /* Info.plist */ = {isa = PBXFileReference; lastKnownFileType = text.plist.xml; path = Info.plist; sourceTree = "<group>"; };
		8D9171381C446298008D8507 /* FoldTests.xctest */ = {isa = PBXFileReference; explicitFileType = wrapper.cfbundle; includeInIndex = 0; path = FoldTests.xctest; sourceTree = BUILT_PRODUCTS_DIR; };
		8D91713C1C446298008D8507 /* FoldTests.swift */ = {isa = PBXFileReference; lastKnownFileType = sourcecode.swift; path = FoldTests.swift; sourceTree = "<group>"; };
		8D91713E1C446298008D8507 /* Info.plist */ = {isa = PBXFileReference; lastKnownFileType = text.plist.xml; path = Info.plist; sourceTree = "<group>"; };
		8D91714B1C458CFC008D8507 /* NavViewController.swift */ = {isa = PBXFileReference; fileEncoding = 4; lastKnownFileType = sourcecode.swift; path = NavViewController.swift; sourceTree = "<group>"; };
		8DB7BC1A1C4CBD76009FBE7E /* CoreBluetooth.framework */ = {isa = PBXFileReference; lastKnownFileType = wrapper.framework; name = CoreBluetooth.framework; path = System/Library/Frameworks/CoreBluetooth.framework; sourceTree = SDKROOT; };
/* End PBXFileReference section */

/* Begin PBXFrameworksBuildPhase section */
		8D9171211C446297008D8507 /* Frameworks */ = {
			isa = PBXFrameworksBuildPhase;
			buildActionMask = 2147483647;
			files = (
				8DB7BC1B1C4CBD76009FBE7E /* CoreBluetooth.framework in Frameworks */,
			);
			runOnlyForDeploymentPostprocessing = 0;
		};
		8D9171351C446298008D8507 /* Frameworks */ = {
			isa = PBXFrameworksBuildPhase;
			buildActionMask = 2147483647;
			files = (
			);
			runOnlyForDeploymentPostprocessing = 0;
		};
/* End PBXFrameworksBuildPhase section */

/* Begin PBXGroup section */
		8D25F5CD1C486B4D007851DD /* Views */ = {
			isa = PBXGroup;
			children = (
				8D91714B1C458CFC008D8507 /* NavViewController.swift */,
				8D25F5CB1C486B44007851DD /* WalletViewController.swift */,
				8D25F5CE1C486BD5007851DD /* SettingsViewController.swift */,
				8D25F5D01C495838007851DD /* LoginViewController.swift */,
				8D25F5D21C496356007851DD /* StoreViewController.swift */,
				8D0036AA1C4711FE008311A4 /* MPViewController.swift */,
				8D25F5D41C49657E007851DD /* RPViewController.swift */,
				8D91712B1C446297008D8507 /* Main.storyboard */,
			);
			name = Views;
			sourceTree = "<group>";
		};
		8D91711B1C446297008D8507 = {
			isa = PBXGroup;
			children = (
				8DB7BC1A1C4CBD76009FBE7E /* CoreBluetooth.framework */,
				8D9171261C446297008D8507 /* Fold */,
				8D91713B1C446298008D8507 /* FoldTests */,
				8D9171251C446297008D8507 /* Products */,
			);
			sourceTree = "<group>";
		};
		8D9171251C446297008D8507 /* Products */ = {
			isa = PBXGroup;
			children = (
				8D9171241C446297008D8507 /* Fold.app */,
				8D9171381C446298008D8507 /* FoldTests.xctest */,
			);
			name = Products;
			sourceTree = "<group>";
		};
		8D9171261C446297008D8507 /* Fold */ = {
			isa = PBXGroup;
			children = (
				8D25F5CD1C486B4D007851DD /* Views */,
				8D9171271C446297008D8507 /* AppDelegate.swift */,
				8D0036A81C459288008311A4 /* Images.xcassets */,
				8D91712E1C446297008D8507 /* Assets.xcassets */,
				8D9171331C446297008D8507 /* Info.plist */,
				8D4150A81C4C893500CD5E7D /* Constants.swift */,
			);
			path = Fold;
			sourceTree = "<group>";
		};
		8D91713B1C446298008D8507 /* FoldTests */ = {
			isa = PBXGroup;
			children = (
				8D91713C1C446298008D8507 /* FoldTests.swift */,
				8D91713E1C446298008D8507 /* Info.plist */,
			);
			path = FoldTests;
			sourceTree = "<group>";
		};
/* End PBXGroup section */

/* Begin PBXNativeTarget section */
		8D9171231C446297008D8507 /* Fold */ = {
			isa = PBXNativeTarget;
			buildConfigurationList = 8D9171411C446298008D8507 /* Build configuration list for PBXNativeTarget "Fold" */;
			buildPhases = (
				8D9171201C446297008D8507 /* Sources */,
				8D9171211C446297008D8507 /* Frameworks */,
				8D9171221C446297008D8507 /* Resources */,
			);
			buildRules = (
			);
			dependencies = (
			);
			name = Fold;
			productName = Fold;
			productReference = 8D9171241C446297008D8507 /* Fold.app */;
			productType = "com.apple.product-type.application";
		};
		8D9171371C446298008D8507 /* FoldTests */ = {
			isa = PBXNativeTarget;
			buildConfigurationList = 8D9171441C446298008D8507 /* Build configuration list for PBXNativeTarget "FoldTests" */;
			buildPhases = (
				8D9171341C446298008D8507 /* Sources */,
				8D9171351C446298008D8507 /* Frameworks */,
				8D9171361C446298008D8507 /* Resources */,
			);
			buildRules = (
			);
			dependencies = (
				8D91713A1C446298008D8507 /* PBXTargetDependency */,
			);
			name = FoldTests;
			productName = FoldTests;
			productReference = 8D9171381C446298008D8507 /* FoldTests.xctest */;
			productType = "com.apple.product-type.bundle.unit-test";
		};
/* End PBXNativeTarget section */

/* Begin PBXProject section */
		8D91711C1C446297008D8507 /* Project object */ = {
			isa = PBXProject;
			attributes = {
				LastSwiftUpdateCheck = 0720;
				LastUpgradeCheck = 0720;
				ORGANIZATIONNAME = Fold;
				TargetAttributes = {
					8D9171231C446297008D8507 = {
						CreatedOnToolsVersion = 7.2;
						DevelopmentTeam = V982QTRSN7;
					};
					8D9171371C446298008D8507 = {
						CreatedOnToolsVersion = 7.2;
						TestTargetID = 8D9171231C446297008D8507;
					};
				};
			};
			buildConfigurationList = 8D91711F1C446297008D8507 /* Build configuration list for PBXProject "Fold" */;
			compatibilityVersion = "Xcode 3.2";
			developmentRegion = English;
			hasScannedForEncodings = 0;
			knownRegions = (
				en,
				Base,
			);
			mainGroup = 8D91711B1C446297008D8507;
			productRefGroup = 8D9171251C446297008D8507 /* Products */;
			projectDirPath = "";
			projectRoot = "";
			targets = (
				8D9171231C446297008D8507 /* Fold */,
				8D9171371C446298008D8507 /* FoldTests */,
			);
		};
/* End PBXProject section */

/* Begin PBXResourcesBuildPhase section */
		8D9171221C446297008D8507 /* Resources */ = {
			isa = PBXResourcesBuildPhase;
			buildActionMask = 2147483647;
			files = (
				8D0036A91C459288008311A4 /* Images.xcassets in Resources */,
				8D91712F1C446297008D8507 /* Assets.xcassets in Resources */,
				8D91712D1C446297008D8507 /* Main.storyboard in Resources */,
			);
			runOnlyForDeploymentPostprocessing = 0;
		};
		8D9171361C446298008D8507 /* Resources */ = {
			isa = PBXResourcesBuildPhase;
			buildActionMask = 2147483647;
			files = (
			);
			runOnlyForDeploymentPostprocessing = 0;
		};
/* End PBXResourcesBuildPhase section */

/* Begin PBXSourcesBuildPhase section */
		8D9171201C446297008D8507 /* Sources */ = {
			isa = PBXSourcesBuildPhase;
			buildActionMask = 2147483647;
			files = (
				8D25F5D11C495838007851DD /* LoginViewController.swift in Sources */,
				8D91714C1C458CFC008D8507 /* NavViewController.swift in Sources */,
				8D25F5D51C49657E007851DD /* RPViewController.swift in Sources */,
				8D25F5CC1C486B44007851DD /* WalletViewController.swift in Sources */,
				8D9171281C446297008D8507 /* AppDelegate.swift in Sources */,
				8D25F5CF1C486BD5007851DD /* SettingsViewController.swift in Sources */,
				8D0036AB1C4711FE008311A4 /* MPViewController.swift in Sources */,
				8D25F5D31C496356007851DD /* StoreViewController.swift in Sources */,
				8D4150A91C4C893500CD5E7D /* Constants.swift in Sources */,
			);
			runOnlyForDeploymentPostprocessing = 0;
		};
		8D9171341C446298008D8507 /* Sources */ = {
			isa = PBXSourcesBuildPhase;
			buildActionMask = 2147483647;
			files = (
				8D91713D1C446298008D8507 /* FoldTests.swift in Sources */,
			);
			runOnlyForDeploymentPostprocessing = 0;
		};
/* End PBXSourcesBuildPhase section */

/* Begin PBXTargetDependency section */
		8D91713A1C446298008D8507 /* PBXTargetDependency */ = {
			isa = PBXTargetDependency;
			target = 8D9171231C446297008D8507 /* Fold */;
			targetProxy = 8D9171391C446298008D8507 /* PBXContainerItemProxy */;
		};
/* End PBXTargetDependency section */

/* Begin PBXVariantGroup section */
		8D91712B1C446297008D8507 /* Main.storyboard */ = {
			isa = PBXVariantGroup;
			children = (
				8D91712C1C446297008D8507 /* Base */,
			);
			name = Main.storyboard;
			sourceTree = "<group>";
		};
/* End PBXVariantGroup section */

/* Begin XCBuildConfiguration section */
		8D91713F1C446298008D8507 /* Debug */ = {
			isa = XCBuildConfiguration;
			buildSettings = {
				ALWAYS_SEARCH_USER_PATHS = NO;
				CLANG_CXX_LANGUAGE_STANDARD = "gnu++0x";
				CLANG_CXX_LIBRARY = "libc++";
				CLANG_ENABLE_MODULES = YES;
				CLANG_ENABLE_OBJC_ARC = YES;
				CLANG_WARN_BOOL_CONVERSION = YES;
				CLANG_WARN_CONSTANT_CONVERSION = YES;
				CLANG_WARN_DIRECT_OBJC_ISA_USAGE = YES_ERROR;
				CLANG_WARN_EMPTY_BODY = YES;
				CLANG_WARN_ENUM_CONVERSION = YES;
				CLANG_WARN_INT_CONVERSION = YES;
				CLANG_WARN_OBJC_ROOT_CLASS = YES_ERROR;
				CLANG_WARN_UNREACHABLE_CODE = YES;
				CLANG_WARN__DUPLICATE_METHOD_MATCH = YES;
				"CODE_SIGN_IDENTITY[sdk=iphoneos*]" = "iPhone Developer";
				COPY_PHASE_STRIP = NO;
				DEBUG_INFORMATION_FORMAT = dwarf;
				ENABLE_STRICT_OBJC_MSGSEND = YES;
				ENABLE_TESTABILITY = YES;
				GCC_C_LANGUAGE_STANDARD = gnu99;
				GCC_DYNAMIC_NO_PIC = NO;
				GCC_NO_COMMON_BLOCKS = YES;
				GCC_OPTIMIZATION_LEVEL = 0;
				GCC_PREPROCESSOR_DEFINITIONS = (
					"DEBUG=1",
					"$(inherited)",
				);
				GCC_WARN_64_TO_32_BIT_CONVERSION = YES;
				GCC_WARN_ABOUT_RETURN_TYPE = YES_ERROR;
				GCC_WARN_UNDECLARED_SELECTOR = YES;
				GCC_WARN_UNINITIALIZED_AUTOS = YES_AGGRESSIVE;
				GCC_WARN_UNUSED_FUNCTION = YES;
				GCC_WARN_UNUSED_VARIABLE = YES;
				IPHONEOS_DEPLOYMENT_TARGET = 9.2;
				MTL_ENABLE_DEBUG_INFO = YES;
				ONLY_ACTIVE_ARCH = YES;
				SDKROOT = iphoneos;
				SWIFT_OPTIMIZATION_LEVEL = "-Onone";
				TARGETED_DEVICE_FAMILY = "1,2";
			};
			name = Debug;
		};
		8D9171401C446298008D8507 /* Release */ = {
			isa = XCBuildConfiguration;
			buildSettings = {
				ALWAYS_SEARCH_USER_PATHS = NO;
				CLANG_CXX_LANGUAGE_STANDARD = "gnu++0x";
				CLANG_CXX_LIBRARY = "libc++";
				CLANG_ENABLE_MODULES = YES;
				CLANG_ENABLE_OBJC_ARC = YES;
				CLANG_WARN_BOOL_CONVERSION = YES;
				CLANG_WARN_CONSTANT_CONVERSION = YES;
				CLANG_WARN_DIRECT_OBJC_ISA_USAGE = YES_ERROR;
				CLANG_WARN_EMPTY_BODY = YES;
				CLANG_WARN_ENUM_CONVERSION = YES;
				CLANG_WARN_INT_CONVERSION = YES;
				CLANG_WARN_OBJC_ROOT_CLASS = YES_ERROR;
				CLANG_WARN_UNREACHABLE_CODE = YES;
				CLANG_WARN__DUPLICATE_METHOD_MATCH = YES;
				"CODE_SIGN_IDENTITY[sdk=iphoneos*]" = "iPhone Developer";
				COPY_PHASE_STRIP = NO;
				DEBUG_INFORMATION_FORMAT = "dwarf-with-dsym";
				ENABLE_NS_ASSERTIONS = NO;
				ENABLE_STRICT_OBJC_MSGSEND = YES;
				GCC_C_LANGUAGE_STANDARD = gnu99;
				GCC_NO_COMMON_BLOCKS = YES;
				GCC_WARN_64_TO_32_BIT_CONVERSION = YES;
				GCC_WARN_ABOUT_RETURN_TYPE = YES_ERROR;
				GCC_WARN_UNDECLARED_SELECTOR = YES;
				GCC_WARN_UNINITIALIZED_AUTOS = YES_AGGRESSIVE;
				GCC_WARN_UNUSED_FUNCTION = YES;
				GCC_WARN_UNUSED_VARIABLE = YES;
				IPHONEOS_DEPLOYMENT_TARGET = 9.2;
				MTL_ENABLE_DEBUG_INFO = NO;
				SDKROOT = iphoneos;
				TARGETED_DEVICE_FAMILY = "1,2";
				VALIDATE_PRODUCT = YES;
			};
			name = Release;
		};
		8D9171421C446298008D8507 /* Debug */ = {
			isa = XCBuildConfiguration;
			buildSettings = {
				ASSETCATALOG_COMPILER_APPICON_NAME = AppIcon;
				CODE_SIGN_IDENTITY = "iPhone Developer";
				"CODE_SIGN_IDENTITY[sdk=iphoneos*]" = "iPhone Developer";
				INFOPLIST_FILE = Fold/Info.plist;
				IPHONEOS_DEPLOYMENT_TARGET = 9.0;
				LD_RUNPATH_SEARCH_PATHS = "$(inherited) @executable_path/Frameworks";
				PRODUCT_BUNDLE_IDENTIFIER = com.fold;
				PRODUCT_NAME = "$(TARGET_NAME)";
				PROVISIONING_PROFILE = "";
			};
			name = Debug;
		};
		8D9171431C446298008D8507 /* Release */ = {
			isa = XCBuildConfiguration;
			buildSettings = {
				ASSETCATALOG_COMPILER_APPICON_NAME = AppIcon;
				CODE_SIGN_IDENTITY = "iPhone Developer";
				"CODE_SIGN_IDENTITY[sdk=iphoneos*]" = "iPhone Developer";
				INFOPLIST_FILE = Fold/Info.plist;
				IPHONEOS_DEPLOYMENT_TARGET = 9.0;
				LD_RUNPATH_SEARCH_PATHS = "$(inherited) @executable_path/Frameworks";
				PRODUCT_BUNDLE_IDENTIFIER = com.fold;
				PRODUCT_NAME = "$(TARGET_NAME)";
				PROVISIONING_PROFILE = "";
			};
			name = Release;
		};
		8D9171451C446298008D8507 /* Debug */ = {
			isa = XCBuildConfiguration;
			buildSettings = {
				BUNDLE_LOADER = "$(TEST_HOST)";
				INFOPLIST_FILE = FoldTests/Info.plist;
				LD_RUNPATH_SEARCH_PATHS = "$(inherited) @executable_path/Frameworks @loader_path/Frameworks";
				PRODUCT_BUNDLE_IDENTIFIER = com.example.FoldTests;
				PRODUCT_NAME = "$(TARGET_NAME)";
				TEST_HOST = "$(BUILT_PRODUCTS_DIR)/Fold.app/Fold";
			};
			name = Debug;
		};
		8D9171461C446298008D8507 /* Release */ = {
			isa = XCBuildConfiguration;
			buildSettings = {
				BUNDLE_LOADER = "$(TEST_HOST)";
				INFOPLIST_FILE = FoldTests/Info.plist;
				LD_RUNPATH_SEARCH_PATHS = "$(inherited) @executable_path/Frameworks @loader_path/Frameworks";
				PRODUCT_BUNDLE_IDENTIFIER = com.example.FoldTests;
				PRODUCT_NAME = "$(TARGET_NAME)";
				TEST_HOST = "$(BUILT_PRODUCTS_DIR)/Fold.app/Fold";
			};
			name = Release;
		};
/* End XCBuildConfiguration section */

/* Begin XCConfigurationList section */
		8D91711F1C446297008D8507 /* Build configuration list for PBXProject "Fold" */ = {
			isa = XCConfigurationList;
			buildConfigurations = (
				8D91713F1C446298008D8507 /* Debug */,
				8D9171401C446298008D8507 /* Release */,
			);
			defaultConfigurationIsVisible = 0;
			defaultConfigurationName = Release;
		};
		8D9171411C446298008D8507 /* Build configuration list for PBXNativeTarget "Fold" */ = {
			isa = XCConfigurationList;
			buildConfigurations = (
				8D9171421C446298008D8507 /* Debug */,
				8D9171431C446298008D8507 /* Release */,
			);
			defaultConfigurationIsVisible = 0;
			defaultConfigurationName = Release;
		};
		8D9171441C446298008D8507 /* Build configuration list for PBXNativeTarget "FoldTests" */ = {
			isa = XCConfigurationList;
			buildConfigurations = (
				8D9171451C446298008D8507 /* Debug */,
				8D9171461C446298008D8507 /* Release */,
			);
			defaultConfigurationIsVisible = 0;
			defaultConfigurationName = Release;
		};
/* End XCConfigurationList section */
	};
	rootObject = 8D91711C1C446297008D8507 /* Project object */;
}
